// !$*UTF8*$!
{
	archiveVersion = 1;
	classes = {
	};
	objectVersion = 46;
	objects = {

/* Begin PBXBuildFile section */
		2CDC4D441B6A2F360064B7A7 /* main.m in Sources */ = {isa = PBXBuildFile; fileRef = 2CDC4D431B6A2F360064B7A7 /* main.m */; };
		2CDC4D471B6A2F360064B7A7 /* AppDelegate.m in Sources */ = {isa = PBXBuildFile; fileRef = 2CDC4D461B6A2F360064B7A7 /* AppDelegate.m */; };
		2CDC4D4F1B6A2F360064B7A7 /* Images.xcassets in Resources */ = {isa = PBXBuildFile; fileRef = 2CDC4D4E1B6A2F360064B7A7 /* Images.xcassets */; };
		2CDC4D6B1B6A304A0064B7A7 /* NumpadView.m in Sources */ = {isa = PBXBuildFile; fileRef = 2CDC4D691B6A304A0064B7A7 /* NumpadView.m */; };
		2CDC4D6C1B6A304A0064B7A7 /* NumpadView.xib in Resources */ = {isa = PBXBuildFile; fileRef = 2CDC4D6A1B6A304A0064B7A7 /* NumpadView.xib */; };
		2CDC4D701B6A322C0064B7A7 /* BBCyclingLabel.m in Sources */ = {isa = PBXBuildFile; fileRef = 2CDC4D6F1B6A322C0064B7A7 /* BBCyclingLabel.m */; };
		2CDC4D731B6A34E10064B7A7 /* cancelbtn.png in Resources */ = {isa = PBXBuildFile; fileRef = 2CDC4D721B6A34E10064B7A7 /* cancelbtn.png */; };
		2CDC4D7D1B6A37FB0064B7A7 /* GOTHAM-BOLD.OTF in Resources */ = {isa = PBXBuildFile; fileRef = 2CDC4D751B6A37FB0064B7A7 /* GOTHAM-BOLD.OTF */; };
		2CDC4D7E1B6A37FB0064B7A7 /* GOTHAM-BOLDITALIC.OTF in Resources */ = {isa = PBXBuildFile; fileRef = 2CDC4D761B6A37FB0064B7A7 /* GOTHAM-BOLDITALIC.OTF */; };
		2CDC4D7F1B6A37FB0064B7A7 /* GOTHAM-BOOK.OTF in Resources */ = {isa = PBXBuildFile; fileRef = 2CDC4D771B6A37FB0064B7A7 /* GOTHAM-BOOK.OTF */; };
		2CDC4D801B6A37FB0064B7A7 /* GOTHAM-BOOKITALIC.OTF in Resources */ = {isa = PBXBuildFile; fileRef = 2CDC4D781B6A37FB0064B7A7 /* GOTHAM-BOOKITALIC.OTF */; };
		2CDC4D811B6A37FB0064B7A7 /* GOTHAM-LIGHT.OTF in Resources */ = {isa = PBXBuildFile; fileRef = 2CDC4D791B6A37FB0064B7A7 /* GOTHAM-LIGHT.OTF */; };
		2CDC4D821B6A37FB0064B7A7 /* GOTHAM-LIGHTITALIC.OTF in Resources */ = {isa = PBXBuildFile; fileRef = 2CDC4D7A1B6A37FB0064B7A7 /* GOTHAM-LIGHTITALIC.OTF */; };
		2CDC4D831B6A37FB0064B7A7 /* GOTHAM-MEDIUM.OTF in Resources */ = {isa = PBXBuildFile; fileRef = 2CDC4D7B1B6A37FB0064B7A7 /* GOTHAM-MEDIUM.OTF */; };
		2CDC4D841B6A37FB0064B7A7 /* GOTHAM-MEDIUMITALIC.OTF in Resources */ = {isa = PBXBuildFile; fileRef = 2CDC4D7C1B6A37FB0064B7A7 /* GOTHAM-MEDIUMITALIC.OTF */; };
/* End PBXBuildFile section */

/* Begin PBXFileReference section */
		2CDC4D3E1B6A2F360064B7A7 /* Square_Cash_NumPad.app */ = {isa = PBXFileReference; explicitFileType = wrapper.application; includeInIndex = 0; path = Square_Cash_NumPad.app; sourceTree = BUILT_PRODUCTS_DIR; };
		2CDC4D421B6A2F360064B7A7 /* Info.plist */ = {isa = PBXFileReference; lastKnownFileType = text.plist.xml; path = Info.plist; sourceTree = "<group>"; };
		2CDC4D431B6A2F360064B7A7 /* main.m */ = {isa = PBXFileReference; lastKnownFileType = sourcecode.c.objc; path = main.m; sourceTree = "<group>"; };
		2CDC4D451B6A2F360064B7A7 /* AppDelegate.h */ = {isa = PBXFileReference; lastKnownFileType = sourcecode.c.h; path = AppDelegate.h; sourceTree = "<group>"; };
		2CDC4D461B6A2F360064B7A7 /* AppDelegate.m */ = {isa = PBXFileReference; lastKnownFileType = sourcecode.c.objc; path = AppDelegate.m; sourceTree = "<group>"; };
		2CDC4D4E1B6A2F360064B7A7 /* Images.xcassets */ = {isa = PBXFileReference; lastKnownFileType = folder.assetcatalog; path = Images.xcassets; sourceTree = "<group>"; };
		2CDC4D681B6A304A0064B7A7 /* NumpadView.h */ = {isa = PBXFileReference; fileEncoding = 4; lastKnownFileType = sourcecode.c.h; path = NumpadView.h; sourceTree = "<group>"; };
		2CDC4D691B6A304A0064B7A7 /* NumpadView.m */ = {isa = PBXFileReference; fileEncoding = 4; lastKnownFileType = sourcecode.c.objc; path = NumpadView.m; sourceTree = "<group>"; };
		2CDC4D6A1B6A304A0064B7A7 /* NumpadView.xib */ = {isa = PBXFileReference; fileEncoding = 4; lastKnownFileType = file.xib; path = NumpadView.xib; sourceTree = "<group>"; };
		2CDC4D6E1B6A322C0064B7A7 /* BBCyclingLabel.h */ = {isa = PBXFileReference; fileEncoding = 4; lastKnownFileType = sourcecode.c.h; path = BBCyclingLabel.h; sourceTree = "<group>"; };
		2CDC4D6F1B6A322C0064B7A7 /* BBCyclingLabel.m */ = {isa = PBXFileReference; fileEncoding = 4; lastKnownFileType = sourcecode.c.objc; path = BBCyclingLabel.m; sourceTree = "<group>"; };
		2CDC4D721B6A34E10064B7A7 /* cancelbtn.png */ = {isa = PBXFileReference; lastKnownFileType = image.png; path = cancelbtn.png; sourceTree = "<group>"; };
		2CDC4D751B6A37FB0064B7A7 /* GOTHAM-BOLD.OTF */ = {isa = PBXFileReference; lastKnownFileType = file; path = "GOTHAM-BOLD.OTF"; sourceTree = "<group>"; };
		2CDC4D761B6A37FB0064B7A7 /* GOTHAM-BOLDITALIC.OTF */ = {isa = PBXFileReference; lastKnownFileType = file; path = "GOTHAM-BOLDITALIC.OTF"; sourceTree = "<group>"; };
		2CDC4D771B6A37FB0064B7A7 /* GOTHAM-BOOK.OTF */ = {isa = PBXFileReference; lastKnownFileType = file; path = "GOTHAM-BOOK.OTF"; sourceTree = "<group>"; };
		2CDC4D781B6A37FB0064B7A7 /* GOTHAM-BOOKITALIC.OTF */ = {isa = PBXFileReference; lastKnownFileType = file; path = "GOTHAM-BOOKITALIC.OTF"; sourceTree = "<group>"; };
		2CDC4D791B6A37FB0064B7A7 /* GOTHAM-LIGHT.OTF */ = {isa = PBXFileReference; lastKnownFileType = file; path = "GOTHAM-LIGHT.OTF"; sourceTree = "<group>"; };
		2CDC4D7A1B6A37FB0064B7A7 /* GOTHAM-LIGHTITALIC.OTF */ = {isa = PBXFileReference; lastKnownFileType = file; path = "GOTHAM-LIGHTITALIC.OTF"; sourceTree = "<group>"; };
		2CDC4D7B1B6A37FB0064B7A7 /* GOTHAM-MEDIUM.OTF */ = {isa = PBXFileReference; lastKnownFileType = file; path = "GOTHAM-MEDIUM.OTF"; sourceTree = "<group>"; };
		2CDC4D7C1B6A37FB0064B7A7 /* GOTHAM-MEDIUMITALIC.OTF */ = {isa = PBXFileReference; lastKnownFileType = file; path = "GOTHAM-MEDIUMITALIC.OTF"; sourceTree = "<group>"; };
/* End PBXFileReference section */

/* Begin PBXFrameworksBuildPhase section */
		2CDC4D3B1B6A2F360064B7A7 /* Frameworks */ = {
			isa = PBXFrameworksBuildPhase;
			buildActionMask = 2147483647;
			files = (
			);
			runOnlyForDeploymentPostprocessing = 0;
		};
/* End PBXFrameworksBuildPhase section */

/* Begin PBXGroup section */
		2CDC4D351B6A2F360064B7A7 = {
			isa = PBXGroup;
			children = (
				2CDC4D401B6A2F360064B7A7 /* Square_Cash_NumPad */,
				2CDC4D3F1B6A2F360064B7A7 /* Products */,
			);
			sourceTree = "<group>";
		};
		2CDC4D3F1B6A2F360064B7A7 /* Products */ = {
			isa = PBXGroup;
			children = (
				2CDC4D3E1B6A2F360064B7A7 /* Square_Cash_NumPad.app */,
			);
			name = Products;
			sourceTree = "<group>";
		};
		2CDC4D401B6A2F360064B7A7 /* Square_Cash_NumPad */ = {
			isa = PBXGroup;
			children = (
				2CDC4D741B6A37FB0064B7A7 /* gothamfonts */,
				2CDC4D721B6A34E10064B7A7 /* cancelbtn.png */,
				2CDC4D671B6A304A0064B7A7 /* Class */,
				2CDC4D451B6A2F360064B7A7 /* AppDelegate.h */,
				2CDC4D461B6A2F360064B7A7 /* AppDelegate.m */,
				2CDC4D4E1B6A2F360064B7A7 /* Images.xcassets */,
				2CDC4D411B6A2F360064B7A7 /* Supporting Files */,
			);
			path = Square_Cash_NumPad;
			sourceTree = "<group>";
		};
		2CDC4D411B6A2F360064B7A7 /* Supporting Files */ = {
			isa = PBXGroup;
			children = (
				2CDC4D421B6A2F360064B7A7 /* Info.plist */,
				2CDC4D431B6A2F360064B7A7 /* main.m */,
			);
			name = "Supporting Files";
			sourceTree = "<group>";
		};
		2CDC4D671B6A304A0064B7A7 /* Class */ = {
			isa = PBXGroup;
			children = (
				2CDC4D6D1B6A322C0064B7A7 /* BBCyclingLabel */,
				2CDC4D681B6A304A0064B7A7 /* NumpadView.h */,
				2CDC4D691B6A304A0064B7A7 /* NumpadView.m */,
				2CDC4D6A1B6A304A0064B7A7 /* NumpadView.xib */,
			);
			path = Class;
			sourceTree = "<group>";
		};
		2CDC4D6D1B6A322C0064B7A7 /* BBCyclingLabel */ = {
			isa = PBXGroup;
			children = (
				2CDC4D6E1B6A322C0064B7A7 /* BBCyclingLabel.h */,
				2CDC4D6F1B6A322C0064B7A7 /* BBCyclingLabel.m */,
			);
			path = BBCyclingLabel;
			sourceTree = "<group>";
		};
		2CDC4D741B6A37FB0064B7A7 /* gothamfonts */ = {
			isa = PBXGroup;
			children = (
				2CDC4D751B6A37FB0064B7A7 /* GOTHAM-BOLD.OTF */,
				2CDC4D761B6A37FB0064B7A7 /* GOTHAM-BOLDITALIC.OTF */,
				2CDC4D771B6A37FB0064B7A7 /* GOTHAM-BOOK.OTF */,
				2CDC4D781B6A37FB0064B7A7 /* GOTHAM-BOOKITALIC.OTF */,
				2CDC4D791B6A37FB0064B7A7 /* GOTHAM-LIGHT.OTF */,
				2CDC4D7A1B6A37FB0064B7A7 /* GOTHAM-LIGHTITALIC.OTF */,
				2CDC4D7B1B6A37FB0064B7A7 /* GOTHAM-MEDIUM.OTF */,
				2CDC4D7C1B6A37FB0064B7A7 /* GOTHAM-MEDIUMITALIC.OTF */,
			);
			path = gothamfonts;
			sourceTree = "<group>";
		};
/* End PBXGroup section */

/* Begin PBXNativeTarget section */
		2CDC4D3D1B6A2F360064B7A7 /* Square_Cash_NumPad */ = {
			isa = PBXNativeTarget;
			buildConfigurationList = 2CDC4D611B6A2F360064B7A7 /* Build configuration list for PBXNativeTarget "Square_Cash_NumPad" */;
			buildPhases = (
				2CDC4D3A1B6A2F360064B7A7 /* Sources */,
				2CDC4D3B1B6A2F360064B7A7 /* Frameworks */,
				2CDC4D3C1B6A2F360064B7A7 /* Resources */,
			);
			buildRules = (
			);
			dependencies = (
			);
			name = Square_Cash_NumPad;
			productName = Square_Cash_NumPad;
			productReference = 2CDC4D3E1B6A2F360064B7A7 /* Square_Cash_NumPad.app */;
			productType = "com.apple.product-type.application";
		};
/* End PBXNativeTarget section */

/* Begin PBXProject section */
		2CDC4D361B6A2F360064B7A7 /* Project object */ = {
			isa = PBXProject;
			attributes = {
				LastUpgradeCheck = 0610;
				ORGANIZATIONNAME = MSN;
				TargetAttributes = {
					2CDC4D3D1B6A2F360064B7A7 = {
						CreatedOnToolsVersion = 6.1;
					};
				};
			};
			buildConfigurationList = 2CDC4D391B6A2F360064B7A7 /* Build configuration list for PBXProject "Square_Cash_NumPad" */;
			compatibilityVersion = "Xcode 3.2";
			developmentRegion = English;
			hasScannedForEncodings = 0;
			knownRegions = (
				en,
				Base,
			);
			mainGroup = 2CDC4D351B6A2F360064B7A7;
			productRefGroup = 2CDC4D3F1B6A2F360064B7A7 /* Products */;
			projectDirPath = "";
			projectRoot = "";
			targets = (
				2CDC4D3D1B6A2F360064B7A7 /* Square_Cash_NumPad */,
			);
		};
/* End PBXProject section */

/* Begin PBXResourcesBuildPhase section */
		2CDC4D3C1B6A2F360064B7A7 /* Resources */ = {
			isa = PBXResourcesBuildPhase;
			buildActionMask = 2147483647;
			files = (
				2CDC4D7F1B6A37FB0064B7A7 /* GOTHAM-BOOK.OTF in Resources */,
				2CDC4D7D1B6A37FB0064B7A7 /* GOTHAM-BOLD.OTF in Resources */,
				2CDC4D801B6A37FB0064B7A7 /* GOTHAM-BOOKITALIC.OTF in Resources */,
				2CDC4D7E1B6A37FB0064B7A7 /* GOTHAM-BOLDITALIC.OTF in Resources */,
				2CDC4D831B6A37FB0064B7A7 /* GOTHAM-MEDIUM.OTF in Resources */,
				2CDC4D811B6A37FB0064B7A7 /* GOTHAM-LIGHT.OTF in Resources */,
				2CDC4D4F1B6A2F360064B7A7 /* Images.xcassets in Resources */,
				2CDC4D731B6A34E10064B7A7 /* cancelbtn.png in Resources */,
				2CDC4D6C1B6A304A0064B7A7 /* NumpadView.xib in Resources */,
				2CDC4D821B6A37FB0064B7A7 /* GOTHAM-LIGHTITALIC.OTF in Resources */,
				2CDC4D841B6A37FB0064B7A7 /* GOTHAM-MEDIUMITALIC.OTF in Resources */,
			);
			runOnlyForDeploymentPostprocessing = 0;
		};
/* End PBXResourcesBuildPhase section */

/* Begin PBXSourcesBuildPhase section */
		2CDC4D3A1B6A2F360064B7A7 /* Sources */ = {
			isa = PBXSourcesBuildPhase;
			buildActionMask = 2147483647;
			files = (
				2CDC4D701B6A322C0064B7A7 /* BBCyclingLabel.m in Sources */,
				2CDC4D471B6A2F360064B7A7 /* AppDelegate.m in Sources */,
				2CDC4D6B1B6A304A0064B7A7 /* NumpadView.m in Sources */,
				2CDC4D441B6A2F360064B7A7 /* main.m in Sources */,
			);
			runOnlyForDeploymentPostprocessing = 0;
		};
/* End PBXSourcesBuildPhase section */

/* Begin XCBuildConfiguration section */
		2CDC4D5F1B6A2F360064B7A7 /* Debug */ = {
			isa = XCBuildConfiguration;
			buildSettings = {
				ALWAYS_SEARCH_USER_PATHS = NO;
				CLANG_CXX_LANGUAGE_STANDARD = "gnu++0x";
				CLANG_CXX_LIBRARY = "libc++";
				CLANG_ENABLE_MODULES = YES;
				CLANG_ENABLE_OBJC_ARC = YES;
				CLANG_WARN_BOOL_CONVERSION = YES;
				CLANG_WARN_CONSTANT_CONVERSION = YES;
				CLANG_WARN_DIRECT_OBJC_ISA_USAGE = YES_ERROR;
				CLANG_WARN_EMPTY_BODY = YES;
				CLANG_WARN_ENUM_CONVERSION = YES;
				CLANG_WARN_INT_CONVERSION = YES;
				CLANG_WARN_OBJC_ROOT_CLASS = YES_ERROR;
				CLANG_WARN_UNREACHABLE_CODE = YES;
				CLANG_WARN__DUPLICATE_METHOD_MATCH = YES;
				"CODE_SIGN_IDENTITY[sdk=iphoneos*]" = "iPhone Developer";
				COPY_PHASE_STRIP = NO;
				ENABLE_STRICT_OBJC_MSGSEND = YES;
				GCC_C_LANGUAGE_STANDARD = gnu99;
				GCC_DYNAMIC_NO_PIC = NO;
				GCC_OPTIMIZATION_LEVEL = 0;
				GCC_PREPROCESSOR_DEFINITIONS = (
					"DEBUG=1",
					"$(inherited)",
				);
				GCC_SYMBOLS_PRIVATE_EXTERN = NO;
				GCC_WARN_64_TO_32_BIT_CONVERSION = YES;
				GCC_WARN_ABOUT_RETURN_TYPE = YES_ERROR;
				GCC_WARN_UNDECLARED_SELECTOR = YES;
				GCC_WARN_UNINITIALIZED_AUTOS = YES_AGGRESSIVE;
				GCC_WARN_UNUSED_FUNCTION = YES;
				GCC_WARN_UNUSED_VARIABLE = YES;
				IPHONEOS_DEPLOYMENT_TARGET = 8.1;
				MTL_ENABLE_DEBUG_INFO = YES;
				ONLY_ACTIVE_ARCH = YES;
				SDKROOT = iphoneos;
			};
			name = Debug;
		};
		2CDC4D601B6A2F360064B7A7 /* Release */ = {
			isa = XCBuildConfiguration;
			buildSettings = {
				ALWAYS_SEARCH_USER_PATHS = NO;
				CLANG_CXX_LANGUAGE_STANDARD = "gnu++0x";
				CLANG_CXX_LIBRARY = "libc++";
				CLANG_ENABLE_MODULES = YES;
				CLANG_ENABLE_OBJC_ARC = YES;
				CLANG_WARN_BOOL_CONVERSION = YES;
				CLANG_WARN_CONSTANT_CONVERSION = YES;
				CLANG_WARN_DIRECT_OBJC_ISA_USAGE = YES_ERROR;
				CLANG_WARN_EMPTY_BODY = YES;
				CLANG_WARN_ENUM_CONVERSION = YES;
				CLANG_WARN_INT_CONVERSION = YES;
				CLANG_WARN_OBJC_ROOT_CLASS = YES_ERROR;
				CLANG_WARN_UNREACHABLE_CODE = YES;
				CLANG_WARN__DUPLICATE_METHOD_MATCH = YES;
				"CODE_SIGN_IDENTITY[sdk=iphoneos*]" = "iPhone Developer";
				COPY_PHASE_STRIP = YES;
				ENABLE_NS_ASSERTIONS = NO;
				ENABLE_STRICT_OBJC_MSGSEND = YES;
				GCC_C_LANGUAGE_STANDARD = gnu99;
				GCC_WARN_64_TO_32_BIT_CONVERSION = YES;
				GCC_WARN_ABOUT_RETURN_TYPE = YES_ERROR;
				GCC_WARN_UNDECLARED_SELECTOR = YES;
				GCC_WARN_UNINITIALIZED_AUTOS = YES_AGGRESSIVE;
				GCC_WARN_UNUSED_FUNCTION = YES;
				GCC_WARN_UNUSED_VARIABLE = YES;
				IPHONEOS_DEPLOYMENT_TARGET = 8.1;
				MTL_ENABLE_DEBUG_INFO = NO;
				SDKROOT = iphoneos;
				VALIDATE_PRODUCT = YES;
			};
			name = Release;
		};
		2CDC4D621B6A2F360064B7A7 /* Debug */ = {
			isa = XCBuildConfiguration;
			buildSettings = {
				ASSETCATALOG_COMPILER_APPICON_NAME = AppIcon;
				INFOPLIST_FILE = Square_Cash_NumPad/Info.plist;
				LD_RUNPATH_SEARCH_PATHS = "$(inherited) @executable_path/Frameworks";
				PRODUCT_NAME = "$(TARGET_NAME)";
			};
			name = Debug;
		};
		2CDC4D631B6A2F360064B7A7 /* Release */ = {
			isa = XCBuildConfiguration;
			buildSettings = {
				ASSETCATALOG_COMPILER_APPICON_NAME = AppIcon;
				INFOPLIST_FILE = Square_Cash_NumPad/Info.plist;
				LD_RUNPATH_SEARCH_PATHS = "$(inherited) @executable_path/Frameworks";
				PRODUCT_NAME = "$(TARGET_NAME)";
			};
			name = Release;
		};
/* End XCBuildConfiguration section */

/* Begin XCConfigurationList section */
		2CDC4D391B6A2F360064B7A7 /* Build configuration list for PBXProject "Square_Cash_NumPad" */ = {
			isa = XCConfigurationList;
			buildConfigurations = (
				2CDC4D5F1B6A2F360064B7A7 /* Debug */,
				2CDC4D601B6A2F360064B7A7 /* Release */,
			);
			defaultConfigurationIsVisible = 0;
			defaultConfigurationName = Release;
		};
		2CDC4D611B6A2F360064B7A7 /* Build configuration list for PBXNativeTarget "Square_Cash_NumPad" */ = {
			isa = XCConfigurationList;
			buildConfigurations = (
				2CDC4D621B6A2F360064B7A7 /* Debug */,
				2CDC4D631B6A2F360064B7A7 /* Release */,
			);
			defaultConfigurationIsVisible = 0;
		};
/* End XCConfigurationList section */
	};
	rootObject = 2CDC4D361B6A2F360064B7A7 /* Project object */;
}
